// !$*UTF8*$!
{
	archiveVersion = 1;
	classes = {
	};
	objectVersion = 46;
	objects = {

/* Begin PBXBuildFile section */
		744BB7971E2FDA750058384C /* AppDelegate.swift in Sources */ = {isa = PBXBuildFile; fileRef = 744BB7961E2FDA750058384C /* AppDelegate.swift */; };
		744BB7991E2FDA750058384C /* ViewController.swift in Sources */ = {isa = PBXBuildFile; fileRef = 744BB7981E2FDA750058384C /* ViewController.swift */; };
		744BB79C1E2FDA750058384C /* Main.storyboard in Resources */ = {isa = PBXBuildFile; fileRef = 744BB79A1E2FDA750058384C /* Main.storyboard */; };
		744BB79E1E2FDA750058384C /* Assets.xcassets in Resources */ = {isa = PBXBuildFile; fileRef = 744BB79D1E2FDA750058384C /* Assets.xcassets */; };
		744BB7A11E2FDA750058384C /* LaunchScreen.storyboard in Resources */ = {isa = PBXBuildFile; fileRef = 744BB79F1E2FDA750058384C /* LaunchScreen.storyboard */; };
		744BB7A91E2FDC290058384C /* SwipeBrowser.swift in Sources */ = {isa = PBXBuildFile; fileRef = 744BB7A81E2FDC290058384C /* SwipeBrowser.swift */; };
		744BB7AB1E2FDC600058384C /* SwipeDocumentViewer.swift in Sources */ = {isa = PBXBuildFile; fileRef = 744BB7AA1E2FDC600058384C /* SwipeDocumentViewer.swift */; };
		744BB7AD1E2FDC7B0058384C /* SNNotificationManager.swift in Sources */ = {isa = PBXBuildFile; fileRef = 744BB7AC1E2FDC7B0058384C /* SNNotificationManager.swift */; };
		744BB7AF1E2FDC830058384C /* SwipeTableViewController.swift in Sources */ = {isa = PBXBuildFile; fileRef = 744BB7AE1E2FDC830058384C /* SwipeTableViewController.swift */; };
		744BB7B11E2FDCA50058384C /* SwipePrefetcher.swift in Sources */ = {isa = PBXBuildFile; fileRef = 744BB7B01E2FDCA50058384C /* SwipePrefetcher.swift */; };
		744BB7B31E2FDCBE0058384C /* SwipeAssetManager.swift in Sources */ = {isa = PBXBuildFile; fileRef = 744BB7B21E2FDCBE0058384C /* SwipeAssetManager.swift */; };
		744BB7B51E2FDCD10058384C /* SwipeConnection.swift in Sources */ = {isa = PBXBuildFile; fileRef = 744BB7B41E2FDCD10058384C /* SwipeConnection.swift */; };
		744BB7B71E2FDD510058384C /* SwipeExtensions.swift in Sources */ = {isa = PBXBuildFile; fileRef = 744BB7B61E2FDD510058384C /* SwipeExtensions.swift */; };
		744BB7B91E2FDDDD0058384C /* SwipeParser.swift in Sources */ = {isa = PBXBuildFile; fileRef = 744BB7B81E2FDDDD0058384C /* SwipeParser.swift */; };
		744BB7C51E2FDFAF0058384C /* SwipeTableViewController.xib in Resources */ = {isa = PBXBuildFile; fileRef = 744BB7C41E2FDFAF0058384C /* SwipeTableViewController.xib */; };
		744BB7C71E2FE2C80058384C /* SwipeBrowser.xib in Resources */ = {isa = PBXBuildFile; fileRef = 744BB7C61E2FE2C80058384C /* SwipeBrowser.xib */; };
/* End PBXBuildFile section */

/* Begin PBXFileReference section */
		744BB7931E2FDA750058384C /* SwipeBrowser.app */ = {isa = PBXFileReference; explicitFileType = wrapper.application; includeInIndex = 0; path = SwipeBrowser.app; sourceTree = BUILT_PRODUCTS_DIR; };
		744BB7961E2FDA750058384C /* AppDelegate.swift */ = {isa = PBXFileReference; lastKnownFileType = sourcecode.swift; path = AppDelegate.swift; sourceTree = "<group>"; };
		744BB7981E2FDA750058384C /* ViewController.swift */ = {isa = PBXFileReference; lastKnownFileType = sourcecode.swift; path = ViewController.swift; sourceTree = "<group>"; };
		744BB79B1E2FDA750058384C /* Base */ = {isa = PBXFileReference; lastKnownFileType = file.storyboard; name = Base; path = Base.lproj/Main.storyboard; sourceTree = "<group>"; };
		744BB79D1E2FDA750058384C /* Assets.xcassets */ = {isa = PBXFileReference; lastKnownFileType = folder.assetcatalog; path = Assets.xcassets; sourceTree = "<group>"; };
		744BB7A01E2FDA750058384C /* Base */ = {isa = PBXFileReference; lastKnownFileType = file.storyboard; name = Base; path = Base.lproj/LaunchScreen.storyboard; sourceTree = "<group>"; };
		744BB7A21E2FDA750058384C /* Info.plist */ = {isa = PBXFileReference; lastKnownFileType = text.plist.xml; path = Info.plist; sourceTree = "<group>"; };
		744BB7A81E2FDC290058384C /* SwipeBrowser.swift */ = {isa = PBXFileReference; fileEncoding = 4; lastKnownFileType = sourcecode.swift; path = SwipeBrowser.swift; sourceTree = "<group>"; };
		744BB7AA1E2FDC600058384C /* SwipeDocumentViewer.swift */ = {isa = PBXFileReference; fileEncoding = 4; lastKnownFileType = sourcecode.swift; path = SwipeDocumentViewer.swift; sourceTree = "<group>"; };
		744BB7AC1E2FDC7B0058384C /* SNNotificationManager.swift */ = {isa = PBXFileReference; fileEncoding = 4; lastKnownFileType = sourcecode.swift; path = SNNotificationManager.swift; sourceTree = "<group>"; };
		744BB7AE1E2FDC830058384C /* SwipeTableViewController.swift */ = {isa = PBXFileReference; fileEncoding = 4; lastKnownFileType = sourcecode.swift; path = SwipeTableViewController.swift; sourceTree = "<group>"; };
		744BB7B01E2FDCA50058384C /* SwipePrefetcher.swift */ = {isa = PBXFileReference; fileEncoding = 4; lastKnownFileType = sourcecode.swift; path = SwipePrefetcher.swift; sourceTree = "<group>"; };
		744BB7B21E2FDCBE0058384C /* SwipeAssetManager.swift */ = {isa = PBXFileReference; fileEncoding = 4; lastKnownFileType = sourcecode.swift; path = SwipeAssetManager.swift; sourceTree = "<group>"; };
		744BB7B41E2FDCD10058384C /* SwipeConnection.swift */ = {isa = PBXFileReference; fileEncoding = 4; lastKnownFileType = sourcecode.swift; path = SwipeConnection.swift; sourceTree = "<group>"; };
		744BB7B61E2FDD510058384C /* SwipeExtensions.swift */ = {isa = PBXFileReference; fileEncoding = 4; lastKnownFileType = sourcecode.swift; path = SwipeExtensions.swift; sourceTree = "<group>"; };
		744BB7B81E2FDDDD0058384C /* SwipeParser.swift */ = {isa = PBXFileReference; fileEncoding = 4; lastKnownFileType = sourcecode.swift; path = SwipeParser.swift; sourceTree = "<group>"; };
		744BB7C41E2FDFAF0058384C /* SwipeTableViewController.xib */ = {isa = PBXFileReference; fileEncoding = 4; lastKnownFileType = file.xib; path = SwipeTableViewController.xib; sourceTree = "<group>"; };
		744BB7C61E2FE2C80058384C /* SwipeBrowser.xib */ = {isa = PBXFileReference; fileEncoding = 4; lastKnownFileType = file.xib; path = SwipeBrowser.xib; sourceTree = "<group>"; };
/* End PBXFileReference section */

/* Begin PBXFrameworksBuildPhase section */
		744BB7901E2FDA750058384C /* Frameworks */ = {
			isa = PBXFrameworksBuildPhase;
			buildActionMask = 2147483647;
			files = (
			);
			runOnlyForDeploymentPostprocessing = 0;
		};
/* End PBXFrameworksBuildPhase section */

/* Begin PBXGroup section */
		744BB78A1E2FDA750058384C = {
			isa = PBXGroup;
			children = (
				744BB7951E2FDA750058384C /* SwipeBrowser */,
				744BB7941E2FDA750058384C /* Products */,
			);
			sourceTree = "<group>";
		};
		744BB7941E2FDA750058384C /* Products */ = {
			isa = PBXGroup;
			children = (
				744BB7931E2FDA750058384C /* SwipeBrowser.app */,
			);
			name = Products;
			sourceTree = "<group>";
		};
		744BB7951E2FDA750058384C /* SwipeBrowser */ = {
			isa = PBXGroup;
			children = (
				744BB7BC1E2FDEEE0058384C /* util */,
				744BB7BB1E2FDEC70058384C /* network */,
				744BB7BA1E2FDEA40058384C /* core */,
				744BB7BD1E2FDF0B0058384C /* viewers */,
				744BB7961E2FDA750058384C /* AppDelegate.swift */,
				744BB7981E2FDA750058384C /* ViewController.swift */,
				744BB79A1E2FDA750058384C /* Main.storyboard */,
				744BB79D1E2FDA750058384C /* Assets.xcassets */,
				744BB79F1E2FDA750058384C /* LaunchScreen.storyboard */,
				744BB7A21E2FDA750058384C /* Info.plist */,
			);
			path = SwipeBrowser;
			sourceTree = "<group>";
		};
		744BB7BA1E2FDEA40058384C /* core */ = {
			isa = PBXGroup;
			children = (
				744BB7BE1E2FDF630058384C /* ios */,
				744BB7A81E2FDC290058384C /* SwipeBrowser.swift */,
				744BB7AA1E2FDC600058384C /* SwipeDocumentViewer.swift */,
			);
			name = core;
			sourceTree = "<group>";
		};
		744BB7BB1E2FDEC70058384C /* network */ = {
			isa = PBXGroup;
			children = (
				744BB7B01E2FDCA50058384C /* SwipePrefetcher.swift */,
				744BB7B21E2FDCBE0058384C /* SwipeAssetManager.swift */,
				744BB7B41E2FDCD10058384C /* SwipeConnection.swift */,
			);
			name = network;
			sourceTree = "<group>";
		};
		744BB7BC1E2FDEEE0058384C /* util */ = {
			isa = PBXGroup;
			children = (
				744BB7AC1E2FDC7B0058384C /* SNNotificationManager.swift */,
				744BB7B61E2FDD510058384C /* SwipeExtensions.swift */,
				744BB7B81E2FDDDD0058384C /* SwipeParser.swift */,
			);
			name = util;
			sourceTree = "<group>";
		};
		744BB7BD1E2FDF0B0058384C /* viewers */ = {
			isa = PBXGroup;
			children = (
				744BB7C01E2FDF750058384C /* ios */,
				744BB7AE1E2FDC830058384C /* SwipeTableViewController.swift */,
			);
			name = viewers;
			sourceTree = "<group>";
		};
		744BB7BE1E2FDF630058384C /* ios */ = {
			isa = PBXGroup;
			children = (
				744BB7C61E2FE2C80058384C /* SwipeBrowser.xib */,
			);
			name = ios;
			sourceTree = "<group>";
		};
		744BB7C01E2FDF750058384C /* ios */ = {
			isa = PBXGroup;
			children = (
				744BB7C41E2FDFAF0058384C /* SwipeTableViewController.xib */,
			);
			name = ios;
			sourceTree = "<group>";
		};
/* End PBXGroup section */

/* Begin PBXNativeTarget section */
		744BB7921E2FDA750058384C /* SwipeBrowser */ = {
			isa = PBXNativeTarget;
			buildConfigurationList = 744BB7A51E2FDA750058384C /* Build configuration list for PBXNativeTarget "SwipeBrowser" */;
			buildPhases = (
				744BB78F1E2FDA750058384C /* Sources */,
				744BB7901E2FDA750058384C /* Frameworks */,
				744BB7911E2FDA750058384C /* Resources */,
			);
			buildRules = (
			);
			dependencies = (
			);
			name = SwipeBrowser;
			productName = SwipeBrowser;
			productReference = 744BB7931E2FDA750058384C /* SwipeBrowser.app */;
			productType = "com.apple.product-type.application";
		};
/* End PBXNativeTarget section */

/* Begin PBXProject section */
		744BB78B1E2FDA750058384C /* Project object */ = {
			isa = PBXProject;
			attributes = {
				LastSwiftUpdateCheck = 0820;
				LastUpgradeCheck = 0820;
				ORGANIZATIONNAME = "Satoshi Nakajima";
				TargetAttributes = {
					744BB7921E2FDA750058384C = {
						CreatedOnToolsVersion = 8.2.1;
						DevelopmentTeam = H34BY2CCCD;
						ProvisioningStyle = Automatic;
					};
				};
			};
			buildConfigurationList = 744BB78E1E2FDA750058384C /* Build configuration list for PBXProject "SwipeBrowser" */;
			compatibilityVersion = "Xcode 3.2";
			developmentRegion = English;
			hasScannedForEncodings = 0;
			knownRegions = (
				en,
				Base,
			);
			mainGroup = 744BB78A1E2FDA750058384C;
			productRefGroup = 744BB7941E2FDA750058384C /* Products */;
			projectDirPath = "";
			projectRoot = "";
			targets = (
				744BB7921E2FDA750058384C /* SwipeBrowser */,
			);
		};
/* End PBXProject section */

/* Begin PBXResourcesBuildPhase section */
		744BB7911E2FDA750058384C /* Resources */ = {
			isa = PBXResourcesBuildPhase;
			buildActionMask = 2147483647;
			files = (
				744BB7C71E2FE2C80058384C /* SwipeBrowser.xib in Resources */,
				744BB7A11E2FDA750058384C /* LaunchScreen.storyboard in Resources */,
				744BB79E1E2FDA750058384C /* Assets.xcassets in Resources */,
				744BB79C1E2FDA750058384C /* Main.storyboard in Resources */,
				744BB7C51E2FDFAF0058384C /* SwipeTableViewController.xib in Resources */,
			);
			runOnlyForDeploymentPostprocessing = 0;
		};
/* End PBXResourcesBuildPhase section */

/* Begin PBXSourcesBuildPhase section */
		744BB78F1E2FDA750058384C /* Sources */ = {
			isa = PBXSourcesBuildPhase;
			buildActionMask = 2147483647;
			files = (
				744BB7991E2FDA750058384C /* ViewController.swift in Sources */,
				744BB7AB1E2FDC600058384C /* SwipeDocumentViewer.swift in Sources */,
				744BB7B51E2FDCD10058384C /* SwipeConnection.swift in Sources */,
				744BB7A91E2FDC290058384C /* SwipeBrowser.swift in Sources */,
				744BB7AD1E2FDC7B0058384C /* SNNotificationManager.swift in Sources */,
				744BB7AF1E2FDC830058384C /* SwipeTableViewController.swift in Sources */,
				744BB7B31E2FDCBE0058384C /* SwipeAssetManager.swift in Sources */,
				744BB7971E2FDA750058384C /* AppDelegate.swift in Sources */,
				744BB7B71E2FDD510058384C /* SwipeExtensions.swift in Sources */,
				744BB7B11E2FDCA50058384C /* SwipePrefetcher.swift in Sources */,
				744BB7B91E2FDDDD0058384C /* SwipeParser.swift in Sources */,
			);
			runOnlyForDeploymentPostprocessing = 0;
		};
/* End PBXSourcesBuildPhase section */

/* Begin PBXVariantGroup section */
		744BB79A1E2FDA750058384C /* Main.storyboard */ = {
			isa = PBXVariantGroup;
			children = (
				744BB79B1E2FDA750058384C /* Base */,
			);
			name = Main.storyboard;
			sourceTree = "<group>";
		};
		744BB79F1E2FDA750058384C /* LaunchScreen.storyboard */ = {
			isa = PBXVariantGroup;
			children = (
				744BB7A01E2FDA750058384C /* Base */,
			);
			name = LaunchScreen.storyboard;
			sourceTree = "<group>";
		};
/* End PBXVariantGroup section */

/* Begin XCBuildConfiguration section */
		744BB7A31E2FDA750058384C /* Debug */ = {
			isa = XCBuildConfiguration;
			buildSettings = {
				ALWAYS_SEARCH_USER_PATHS = NO;
				CLANG_ANALYZER_NONNULL = YES;
				CLANG_CXX_LANGUAGE_STANDARD = "gnu++0x";
				CLANG_CXX_LIBRARY = "libc++";
				CLANG_ENABLE_MODULES = YES;
				CLANG_ENABLE_OBJC_ARC = YES;
				CLANG_WARN_BOOL_CONVERSION = YES;
				CLANG_WARN_CONSTANT_CONVERSION = YES;
				CLANG_WARN_DIRECT_OBJC_ISA_USAGE = YES_ERROR;
				CLANG_WARN_DOCUMENTATION_COMMENTS = YES;
				CLANG_WARN_EMPTY_BODY = YES;
				CLANG_WARN_ENUM_CONVERSION = YES;
				CLANG_WARN_INFINITE_RECURSION = YES;
				CLANG_WARN_INT_CONVERSION = YES;
				CLANG_WARN_OBJC_ROOT_CLASS = YES_ERROR;
				CLANG_WARN_SUSPICIOUS_MOVE = YES;
				CLANG_WARN_UNREACHABLE_CODE = YES;
				CLANG_WARN__DUPLICATE_METHOD_MATCH = YES;
				"CODE_SIGN_IDENTITY[sdk=iphoneos*]" = "iPhone Developer";
				COPY_PHASE_STRIP = NO;
				DEBUG_INFORMATION_FORMAT = dwarf;
				ENABLE_STRICT_OBJC_MSGSEND = YES;
				ENABLE_TESTABILITY = YES;
				GCC_C_LANGUAGE_STANDARD = gnu99;
				GCC_DYNAMIC_NO_PIC = NO;
				GCC_NO_COMMON_BLOCKS = YES;
				GCC_OPTIMIZATION_LEVEL = 0;
				GCC_PREPROCESSOR_DEFINITIONS = (
					"DEBUG=1",
					"$(inherited)",
				);
				GCC_WARN_64_TO_32_BIT_CONVERSION = YES;
				GCC_WARN_ABOUT_RETURN_TYPE = YES_ERROR;
				GCC_WARN_UNDECLARED_SELECTOR = YES;
				GCC_WARN_UNINITIALIZED_AUTOS = YES_AGGRESSIVE;
				GCC_WARN_UNUSED_FUNCTION = YES;
				GCC_WARN_UNUSED_VARIABLE = YES;
				IPHONEOS_DEPLOYMENT_TARGET = 10.2;
				MTL_ENABLE_DEBUG_INFO = YES;
				ONLY_ACTIVE_ARCH = YES;
				SDKROOT = iphoneos;
				SWIFT_ACTIVE_COMPILATION_CONDITIONS = DEBUG;
				SWIFT_OPTIMIZATION_LEVEL = "-Onone";
			};
			name = Debug;
		};
		744BB7A41E2FDA750058384C /* Release */ = {
			isa = XCBuildConfiguration;
			buildSettings = {
				ALWAYS_SEARCH_USER_PATHS = NO;
				CLANG_ANALYZER_NONNULL = YES;
				CLANG_CXX_LANGUAGE_STANDARD = "gnu++0x";
				CLANG_CXX_LIBRARY = "libc++";
				CLANG_ENABLE_MODULES = YES;
				CLANG_ENABLE_OBJC_ARC = YES;
				CLANG_WARN_BOOL_CONVERSION = YES;
				CLANG_WARN_CONSTANT_CONVERSION = YES;
				CLANG_WARN_DIRECT_OBJC_ISA_USAGE = YES_ERROR;
				CLANG_WARN_DOCUMENTATION_COMMENTS = YES;
				CLANG_WARN_EMPTY_BODY = YES;
				CLANG_WARN_ENUM_CONVERSION = YES;
				CLANG_WARN_INFINITE_RECURSION = YES;
				CLANG_WARN_INT_CONVERSION = YES;
				CLANG_WARN_OBJC_ROOT_CLASS = YES_ERROR;
				CLANG_WARN_SUSPICIOUS_MOVE = YES;
				CLANG_WARN_UNREACHABLE_CODE = YES;
				CLANG_WARN__DUPLICATE_METHOD_MATCH = YES;
				"CODE_SIGN_IDENTITY[sdk=iphoneos*]" = "iPhone Developer";
				COPY_PHASE_STRIP = NO;
				DEBUG_INFORMATION_FORMAT = "dwarf-with-dsym";
				ENABLE_NS_ASSERTIONS = NO;
				ENABLE_STRICT_OBJC_MSGSEND = YES;
				GCC_C_LANGUAGE_STANDARD = gnu99;
				GCC_NO_COMMON_BLOCKS = YES;
				GCC_WARN_64_TO_32_BIT_CONVERSION = YES;
				GCC_WARN_ABOUT_RETURN_TYPE = YES_ERROR;
				GCC_WARN_UNDECLARED_SELECTOR = YES;
				GCC_WARN_UNINITIALIZED_AUTOS = YES_AGGRESSIVE;
				GCC_WARN_UNUSED_FUNCTION = YES;
				GCC_WARN_UNUSED_VARIABLE = YES;
				IPHONEOS_DEPLOYMENT_TARGET = 10.2;
				MTL_ENABLE_DEBUG_INFO = NO;
				SDKROOT = iphoneos;
				SWIFT_OPTIMIZATION_LEVEL = "-Owholemodule";
				VALIDATE_PRODUCT = YES;
			};
			name = Release;
		};
		744BB7A61E2FDA750058384C /* Debug */ = {
			isa = XCBuildConfiguration;
			buildSettings = {
				ASSETCATALOG_COMPILER_APPICON_NAME = AppIcon;
				DEVELOPMENT_TEAM = H34BY2CCCD;
				INFOPLIST_FILE = SwipeBrowser/Info.plist;
				LD_RUNPATH_SEARCH_PATHS = "$(inherited) @executable_path/Frameworks";
				PRODUCT_BUNDLE_IDENTIFIER = com.cloudreaders.SwipeBrowser;
				PRODUCT_NAME = "$(TARGET_NAME)";
				SWIFT_VERSION = 3.0;
			};
			name = Debug;
		};
		744BB7A71E2FDA750058384C /* Release */ = {
			isa = XCBuildConfiguration;
			buildSettings = {
				ASSETCATALOG_COMPILER_APPICON_NAME = AppIcon;
				DEVELOPMENT_TEAM = H34BY2CCCD;
				INFOPLIST_FILE = SwipeBrowser/Info.plist;
				LD_RUNPATH_SEARCH_PATHS = "$(inherited) @executable_path/Frameworks";
				PRODUCT_BUNDLE_IDENTIFIER = com.cloudreaders.SwipeBrowser;
				PRODUCT_NAME = "$(TARGET_NAME)";
				SWIFT_VERSION = 3.0;
			};
			name = Release;
		};
/* End XCBuildConfiguration section */

/* Begin XCConfigurationList section */
		744BB78E1E2FDA750058384C /* Build configuration list for PBXProject "SwipeBrowser" */ = {
			isa = XCConfigurationList;
			buildConfigurations = (
				744BB7A31E2FDA750058384C /* Debug */,
				744BB7A41E2FDA750058384C /* Release */,
			);
			defaultConfigurationIsVisible = 0;
			defaultConfigurationName = Release;
		};
		744BB7A51E2FDA750058384C /* Build configuration list for PBXNativeTarget "SwipeBrowser" */ = {
			isa = XCConfigurationList;
			buildConfigurations = (
				744BB7A61E2FDA750058384C /* Debug */,
				744BB7A71E2FDA750058384C /* Release */,
			);
			defaultConfigurationIsVisible = 0;
		};
/* End XCConfigurationList section */
	};
	rootObject = 744BB78B1E2FDA750058384C /* Project object */;
}
